
Microsoft Visual Studio Solution File, Format Version 12.00
# Visual Studio Version 17
VisualStudioVersion = 17.12.35527.113 d17.12
MinimumVisualStudioVersion = 10.0.40219.1
Project("{FAE04EC0-301F-11D3-BF4B-00C04F79EFBC}") = "ShaitanEt", "ShaitanEt\ShaitanEt.csproj", "{80CC7BA6-5BBB-4F73-AA39-591AA147D0BB}"
EndProject
Global
	GlobalSection(SolutionConfigurationPlatforms) = preSolution
		Debug|Any CPU = Debug|Any CPU
		Release|Any CPU = Release|Any CPU
	EndGlobalSection
	GlobalSection(ProjectConfigurationPlatforms) = postSolution
		{80CC7BA6-5BBB-4F73-AA39-591AA147D0BB}.Debug|Any CPU.ActiveCfg = Debug|Any CPU
		{80CC7BA6-5BBB-4F73-AA39-591AA147D0BB}.Debug|Any CPU.Build.0 = Debug|Any CPU
		{80CC7BA6-5BBB-4F73-AA39-591AA147D0BB}.Release|Any CPU.ActiveCfg = Release|Any CPU
		{80CC7BA6-5BBB-4F73-AA39-591AA147D0BB}.Release|Any CPU.Build.0 = Release|Any CPU
	EndGlobalSection
	GlobalSection(SolutionProperties) = preSolution
		HideSolutionNode = FALSE
	EndGlobalSection
EndGlobal
